// !$*UTF8*$!
{
	archiveVersion = 1;
	classes = {
	};
	objectVersion = 56;
	objects = {

/* Begin PBXBuildFile section */
		D36004F22A02C2DB004E19CF /* Sopa_de_LetrinhasApp.swift in Sources */ = {isa = PBXBuildFile; fileRef = D36004F12A02C2DB004E19CF /* Sopa_de_LetrinhasApp.swift */; };
		D36004F42A02C2DB004E19CF /* ContentView.swift in Sources */ = {isa = PBXBuildFile; fileRef = D36004F32A02C2DB004E19CF /* ContentView.swift */; };
		D36004F62A02C2DC004E19CF /* Assets.xcassets in Resources */ = {isa = PBXBuildFile; fileRef = D36004F52A02C2DC004E19CF /* Assets.xcassets */; };
		D36004F92A02C2DC004E19CF /* Preview Assets.xcassets in Resources */ = {isa = PBXBuildFile; fileRef = D36004F82A02C2DC004E19CF /* Preview Assets.xcassets */; };
		D39D6D3F2A1CFE7300FA63E9 /* ViewModel.swift in Sources */ = {isa = PBXBuildFile; fileRef = D39D6D3E2A1CFE7300FA63E9 /* ViewModel.swift */; };
		D3CE73162A1D733B004F91A8 /* OnboardingView.swift in Sources */ = {isa = PBXBuildFile; fileRef = D3CE73152A1D733B004F91A8 /* OnboardingView.swift */; };
		D3D81DE72A1E55E30010A554 /* Calendar.swift in Sources */ = {isa = PBXBuildFile; fileRef = D3D81DE62A1E55E30010A554 /* Calendar.swift */; };
		D3D81DE92A1F844C0010A554 /* MainView.swift in Sources */ = {isa = PBXBuildFile; fileRef = D3D81DE82A1F844C0010A554 /* MainView.swift */; };
		D3D81DEC2A1F95DB0010A554 /* CalendarioView.swift in Sources */ = {isa = PBXBuildFile; fileRef = D3D81DEB2A1F95DB0010A554 /* CalendarioView.swift */; };
		D3D81DEE2A1F961E0010A554 /* StatusView.swift in Sources */ = {isa = PBXBuildFile; fileRef = D3D81DED2A1F961E0010A554 /* StatusView.swift */; };
		D3D81DF02A1F964E0010A554 /* LembretesView.swift in Sources */ = {isa = PBXBuildFile; fileRef = D3D81DEF2A1F964E0010A554 /* LembretesView.swift */; };
/* End PBXBuildFile section */

/* Begin PBXFileReference section */
		D36004EE2A02C2DB004E19CF /* Sopa de Letrinhas.app */ = {isa = PBXFileReference; explicitFileType = wrapper.application; includeInIndex = 0; path = "Sopa de Letrinhas.app"; sourceTree = BUILT_PRODUCTS_DIR; };
		D36004F12A02C2DB004E19CF /* Sopa_de_LetrinhasApp.swift */ = {isa = PBXFileReference; lastKnownFileType = sourcecode.swift; path = Sopa_de_LetrinhasApp.swift; sourceTree = "<group>"; };
		D36004F32A02C2DB004E19CF /* ContentView.swift */ = {isa = PBXFileReference; lastKnownFileType = sourcecode.swift; path = ContentView.swift; sourceTree = "<group>"; };
		D36004F52A02C2DC004E19CF /* Assets.xcassets */ = {isa = PBXFileReference; lastKnownFileType = folder.assetcatalog; path = Assets.xcassets; sourceTree = "<group>"; };
		D36004F82A02C2DC004E19CF /* Preview Assets.xcassets */ = {isa = PBXFileReference; lastKnownFileType = folder.assetcatalog; path = "Preview Assets.xcassets"; sourceTree = "<group>"; };
		D39D6D3E2A1CFE7300FA63E9 /* ViewModel.swift */ = {isa = PBXFileReference; lastKnownFileType = sourcecode.swift; path = ViewModel.swift; sourceTree = "<group>"; };
		D3CE73152A1D733B004F91A8 /* OnboardingView.swift */ = {isa = PBXFileReference; lastKnownFileType = sourcecode.swift; path = OnboardingView.swift; sourceTree = "<group>"; };
		D3D81DE62A1E55E30010A554 /* Calendar.swift */ = {isa = PBXFileReference; lastKnownFileType = sourcecode.swift; path = Calendar.swift; sourceTree = "<group>"; };
		D3D81DE82A1F844C0010A554 /* MainView.swift */ = {isa = PBXFileReference; lastKnownFileType = sourcecode.swift; path = MainView.swift; sourceTree = "<group>"; };
		D3D81DEB2A1F95DB0010A554 /* CalendarioView.swift */ = {isa = PBXFileReference; lastKnownFileType = sourcecode.swift; path = CalendarioView.swift; sourceTree = "<group>"; };
		D3D81DED2A1F961E0010A554 /* StatusView.swift */ = {isa = PBXFileReference; lastKnownFileType = sourcecode.swift; path = StatusView.swift; sourceTree = "<group>"; };
		D3D81DEF2A1F964E0010A554 /* LembretesView.swift */ = {isa = PBXFileReference; lastKnownFileType = sourcecode.swift; path = LembretesView.swift; sourceTree = "<group>"; };
/* End PBXFileReference section */

/* Begin PBXFrameworksBuildPhase section */
		D36004EB2A02C2DB004E19CF /* Frameworks */ = {
			isa = PBXFrameworksBuildPhase;
			buildActionMask = 2147483647;
			files = (
			);
			runOnlyForDeploymentPostprocessing = 0;
		};
/* End PBXFrameworksBuildPhase section */

/* Begin PBXGroup section */
		D36004E52A02C2DB004E19CF = {
			isa = PBXGroup;
			children = (
				D36004F02A02C2DB004E19CF /* Sopa de Letrinhas */,
				D36004EF2A02C2DB004E19CF /* Products */,
			);
			sourceTree = "<group>";
		};
		D36004EF2A02C2DB004E19CF /* Products */ = {
			isa = PBXGroup;
			children = (
				D36004EE2A02C2DB004E19CF /* Sopa de Letrinhas.app */,
			);
			name = Products;
			sourceTree = "<group>";
		};
		D36004F02A02C2DB004E19CF /* Sopa de Letrinhas */ = {
			isa = PBXGroup;
			children = (
				D36004F12A02C2DB004E19CF /* Sopa_de_LetrinhasApp.swift */,
				D3CE73152A1D733B004F91A8 /* OnboardingView.swift */,
				D3D81DE82A1F844C0010A554 /* MainView.swift */,
				D3D81DED2A1F961E0010A554 /* StatusView.swift */,
				D3D81DEB2A1F95DB0010A554 /* CalendarioView.swift */,
				D3D81DEF2A1F964E0010A554 /* LembretesView.swift */,
				D3D81DEA2A1F95680010A554 /* "Descartado" */,
				D36004F52A02C2DC004E19CF /* Assets.xcassets */,
				D36004F72A02C2DC004E19CF /* Preview Content */,
			);
			path = "Sopa de Letrinhas";
			sourceTree = "<group>";
		};
		D36004F72A02C2DC004E19CF /* Preview Content */ = {
			isa = PBXGroup;
			children = (
				D36004F82A02C2DC004E19CF /* Preview Assets.xcassets */,
			);
			path = "Preview Content";
			sourceTree = "<group>";
		};
		D3D81DEA2A1F95680010A554 /* "Descartado" */ = {
			isa = PBXGroup;
			children = (
				D36004F32A02C2DB004E19CF /* ContentView.swift */,
				D39D6D3E2A1CFE7300FA63E9 /* ViewModel.swift */,
				D3D81DE62A1E55E30010A554 /* Calendar.swift */,
			);
			path = "\"Descartado\"";
			sourceTree = "<group>";
		};
/* End PBXGroup section */

/* Begin PBXNativeTarget section */
		D36004ED2A02C2DB004E19CF /* Sopa de Letrinhas */ = {
			isa = PBXNativeTarget;
			buildConfigurationList = D36004FC2A02C2DC004E19CF /* Build configuration list for PBXNativeTarget "Sopa de Letrinhas" */;
			buildPhases = (
				D36004EA2A02C2DB004E19CF /* Sources */,
				D36004EB2A02C2DB004E19CF /* Frameworks */,
				D36004EC2A02C2DB004E19CF /* Resources */,
			);
			buildRules = (
			);
			dependencies = (
			);
			name = "Sopa de Letrinhas";
			productName = "Sopa de Letrinhas";
			productReference = D36004EE2A02C2DB004E19CF /* Sopa de Letrinhas.app */;
			productType = "com.apple.product-type.application";
		};
/* End PBXNativeTarget section */

/* Begin PBXProject section */
		D36004E62A02C2DB004E19CF /* Project object */ = {
			isa = PBXProject;
			attributes = {
				BuildIndependentTargetsInParallel = 1;
				LastSwiftUpdateCheck = 1420;
				LastUpgradeCheck = 1420;
				TargetAttributes = {
					D36004ED2A02C2DB004E19CF = {
						CreatedOnToolsVersion = 14.2;
					};
				};
			};
			buildConfigurationList = D36004E92A02C2DB004E19CF /* Build configuration list for PBXProject "Sopa de Letrinhas" */;
			compatibilityVersion = "Xcode 14.0";
			developmentRegion = en;
			hasScannedForEncodings = 0;
			knownRegions = (
				en,
				Base,
			);
			mainGroup = D36004E52A02C2DB004E19CF;
			productRefGroup = D36004EF2A02C2DB004E19CF /* Products */;
			projectDirPath = "";
			projectRoot = "";
			targets = (
				D36004ED2A02C2DB004E19CF /* Sopa de Letrinhas */,
			);
		};
/* End PBXProject section */

/* Begin PBXResourcesBuildPhase section */
		D36004EC2A02C2DB004E19CF /* Resources */ = {
			isa = PBXResourcesBuildPhase;
			buildActionMask = 2147483647;
			files = (
				D36004F92A02C2DC004E19CF /* Preview Assets.xcassets in Resources */,
				D36004F62A02C2DC004E19CF /* Assets.xcassets in Resources */,
			);
			runOnlyForDeploymentPostprocessing = 0;
		};
/* End PBXResourcesBuildPhase section */

/* Begin PBXSourcesBuildPhase section */
		D36004EA2A02C2DB004E19CF /* Sources */ = {
			isa = PBXSourcesBuildPhase;
			buildActionMask = 2147483647;
			files = (
				D3D81DE92A1F844C0010A554 /* MainView.swift in Sources */,
				D3D81DE72A1E55E30010A554 /* Calendar.swift in Sources */,
				D3D81DEE2A1F961E0010A554 /* StatusView.swift in Sources */,
				D36004F42A02C2DB004E19CF /* ContentView.swift in Sources */,
				D3CE73162A1D733B004F91A8 /* OnboardingView.swift in Sources */,
				D3D81DF02A1F964E0010A554 /* LembretesView.swift in Sources */,
				D3D81DEC2A1F95DB0010A554 /* CalendarioView.swift in Sources */,
				D36004F22A02C2DB004E19CF /* Sopa_de_LetrinhasApp.swift in Sources */,
				D39D6D3F2A1CFE7300FA63E9 /* ViewModel.swift in Sources */,
			);
			runOnlyForDeploymentPostprocessing = 0;
		};
/* End PBXSourcesBuildPhase section */

/* Begin XCBuildConfiguration section */
		D36004FA2A02C2DC004E19CF /* Debug */ = {
			isa = XCBuildConfiguration;
			buildSettings = {
				ALWAYS_SEARCH_USER_PATHS = NO;
				CLANG_ANALYZER_NONNULL = YES;
				CLANG_ANALYZER_NUMBER_OBJECT_CONVERSION = YES_AGGRESSIVE;
				CLANG_CXX_LANGUAGE_STANDARD = "gnu++20";
				CLANG_ENABLE_MODULES = YES;
				CLANG_ENABLE_OBJC_ARC = YES;
				CLANG_ENABLE_OBJC_WEAK = YES;
				CLANG_WARN_BLOCK_CAPTURE_AUTORELEASING = YES;
				CLANG_WARN_BOOL_CONVERSION = YES;
				CLANG_WARN_COMMA = YES;
				CLANG_WARN_CONSTANT_CONVERSION = YES;
				CLANG_WARN_DEPRECATED_OBJC_IMPLEMENTATIONS = YES;
				CLANG_WARN_DIRECT_OBJC_ISA_USAGE = YES_ERROR;
				CLANG_WARN_DOCUMENTATION_COMMENTS = YES;
				CLANG_WARN_EMPTY_BODY = YES;
				CLANG_WARN_ENUM_CONVERSION = YES;
				CLANG_WARN_INFINITE_RECURSION = YES;
				CLANG_WARN_INT_CONVERSION = YES;
				CLANG_WARN_NON_LITERAL_NULL_CONVERSION = YES;
				CLANG_WARN_OBJC_IMPLICIT_RETAIN_SELF = YES;
				CLANG_WARN_OBJC_LITERAL_CONVERSION = YES;
				CLANG_WARN_OBJC_ROOT_CLASS = YES_ERROR;
				CLANG_WARN_QUOTED_INCLUDE_IN_FRAMEWORK_HEADER = YES;
				CLANG_WARN_RANGE_LOOP_ANALYSIS = YES;
				CLANG_WARN_STRICT_PROTOTYPES = YES;
				CLANG_WARN_SUSPICIOUS_MOVE = YES;
				CLANG_WARN_UNGUARDED_AVAILABILITY = YES_AGGRESSIVE;
				CLANG_WARN_UNREACHABLE_CODE = YES;
				CLANG_WARN__DUPLICATE_METHOD_MATCH = YES;
				COPY_PHASE_STRIP = NO;
				DEBUG_INFORMATION_FORMAT = dwarf;
				ENABLE_STRICT_OBJC_MSGSEND = YES;
				ENABLE_TESTABILITY = YES;
				GCC_C_LANGUAGE_STANDARD = gnu11;
				GCC_DYNAMIC_NO_PIC = NO;
				GCC_NO_COMMON_BLOCKS = YES;
				GCC_OPTIMIZATION_LEVEL = 0;
				GCC_PREPROCESSOR_DEFINITIONS = (
					"DEBUG=1",
					"$(inherited)",
				);
				GCC_WARN_64_TO_32_BIT_CONVERSION = YES;
				GCC_WARN_ABOUT_RETURN_TYPE = YES_ERROR;
				GCC_WARN_UNDECLARED_SELECTOR = YES;
				GCC_WARN_UNINITIALIZED_AUTOS = YES_AGGRESSIVE;
				GCC_WARN_UNUSED_FUNCTION = YES;
				GCC_WARN_UNUSED_VARIABLE = YES;
				IPHONEOS_DEPLOYMENT_TARGET = 16.2;
				MTL_ENABLE_DEBUG_INFO = INCLUDE_SOURCE;
				MTL_FAST_MATH = YES;
				ONLY_ACTIVE_ARCH = YES;
				SDKROOT = iphoneos;
				SWIFT_ACTIVE_COMPILATION_CONDITIONS = DEBUG;
				SWIFT_OPTIMIZATION_LEVEL = "-Onone";
			};
			name = Debug;
		};
		D36004FB2A02C2DC004E19CF /* Release */ = {
			isa = XCBuildConfiguration;
			buildSettings = {
				ALWAYS_SEARCH_USER_PATHS = NO;
				CLANG_ANALYZER_NONNULL = YES;
				CLANG_ANALYZER_NUMBER_OBJECT_CONVERSION = YES_AGGRESSIVE;
				CLANG_CXX_LANGUAGE_STANDARD = "gnu++20";
				CLANG_ENABLE_MODULES = YES;
				CLANG_ENABLE_OBJC_ARC = YES;
				CLANG_ENABLE_OBJC_WEAK = YES;
				CLANG_WARN_BLOCK_CAPTURE_AUTORELEASING = YES;
				CLANG_WARN_BOOL_CONVERSION = YES;
				CLANG_WARN_COMMA = YES;
				CLANG_WARN_CONSTANT_CONVERSION = YES;
				CLANG_WARN_DEPRECATED_OBJC_IMPLEMENTATIONS = YES;
				CLANG_WARN_DIRECT_OBJC_ISA_USAGE = YES_ERROR;
				CLANG_WARN_DOCUMENTATION_COMMENTS = YES;
				CLANG_WARN_EMPTY_BODY = YES;
				CLANG_WARN_ENUM_CONVERSION = YES;
				CLANG_WARN_INFINITE_RECURSION = YES;
				CLANG_WARN_INT_CONVERSION = YES;
				CLANG_WARN_NON_LITERAL_NULL_CONVERSION = YES;
				CLANG_WARN_OBJC_IMPLICIT_RETAIN_SELF = YES;
				CLANG_WARN_OBJC_LITERAL_CONVERSION = YES;
				CLANG_WARN_OBJC_ROOT_CLASS = YES_ERROR;
				CLANG_WARN_QUOTED_INCLUDE_IN_FRAMEWORK_HEADER = YES;
				CLANG_WARN_RANGE_LOOP_ANALYSIS = YES;
				CLANG_WARN_STRICT_PROTOTYPES = YES;
				CLANG_WARN_SUSPICIOUS_MOVE = YES;
				CLANG_WARN_UNGUARDED_AVAILABILITY = YES_AGGRESSIVE;
				CLANG_WARN_UNREACHABLE_CODE = YES;
				CLANG_WARN__DUPLICATE_METHOD_MATCH = YES;
				COPY_PHASE_STRIP = NO;
				DEBUG_INFORMATION_FORMAT = "dwarf-with-dsym";
				ENABLE_NS_ASSERTIONS = NO;
				ENABLE_STRICT_OBJC_MSGSEND = YES;
				GCC_C_LANGUAGE_STANDARD = gnu11;
				GCC_NO_COMMON_BLOCKS = YES;
				GCC_WARN_64_TO_32_BIT_CONVERSION = YES;
				GCC_WARN_ABOUT_RETURN_TYPE = YES_ERROR;
				GCC_WARN_UNDECLARED_SELECTOR = YES;
				GCC_WARN_UNINITIALIZED_AUTOS = YES_AGGRESSIVE;
				GCC_WARN_UNUSED_FUNCTION = YES;
				GCC_WARN_UNUSED_VARIABLE = YES;
				IPHONEOS_DEPLOYMENT_TARGET = 16.2;
				MTL_ENABLE_DEBUG_INFO = NO;
				MTL_FAST_MATH = YES;
				SDKROOT = iphoneos;
				SWIFT_COMPILATION_MODE = wholemodule;
				SWIFT_OPTIMIZATION_LEVEL = "-O";
				VALIDATE_PRODUCT = YES;
			};
			name = Release;
		};
		D36004FD2A02C2DC004E19CF /* Debug */ = {
			isa = XCBuildConfiguration;
			buildSettings = {
				ASSETCATALOG_COMPILER_APPICON_NAME = AppIcon;
				ASSETCATALOG_COMPILER_GLOBAL_ACCENT_COLOR_NAME = AccentColor;
				CODE_SIGN_STYLE = Automatic;
				CURRENT_PROJECT_VERSION = 1;
				DEVELOPMENT_ASSET_PATHS = "\"Sopa de Letrinhas/Preview Content\"";
				DEVELOPMENT_TEAM = B6XWN7H84M;
				ENABLE_PREVIEWS = YES;
				GENERATE_INFOPLIST_FILE = YES;
				INFOPLIST_KEY_UIApplicationSceneManifest_Generation = YES;
				INFOPLIST_KEY_UIApplicationSupportsIndirectInputEvents = YES;
				INFOPLIST_KEY_UILaunchScreen_Generation = YES;
				INFOPLIST_KEY_UISupportedInterfaceOrientations_iPad = "UIInterfaceOrientationPortrait UIInterfaceOrientationPortraitUpsideDown UIInterfaceOrientationLandscapeLeft UIInterfaceOrientationLandscapeRight";
				INFOPLIST_KEY_UISupportedInterfaceOrientations_iPhone = "UIInterfaceOrientationPortrait UIInterfaceOrientationLandscapeLeft UIInterfaceOrientationLandscapeRight";
				LD_RUNPATH_SEARCH_PATHS = (
					"$(inherited)",
					"@executable_path/Frameworks",
				);
				MARKETING_VERSION = 1.0;
				PRODUCT_BUNDLE_IDENTIFIER = "br.ufpe.cin.academy-rsbj.Sopa-de-Letrinhas";
				PRODUCT_NAME = "$(TARGET_NAME)";
				SUPPORTED_PLATFORMS = macosx;
				SUPPORTS_MACCATALYST = NO;
				SUPPORTS_MAC_DESIGNED_FOR_IPHONE_IPAD = YES;
				SWIFT_EMIT_LOC_STRINGS = YES;
				SWIFT_VERSION = 5.0;
			};
			name = Debug;
		};
		D36004FE2A02C2DC004E19CF /* Release */ = {
			isa = XCBuildConfiguration;
			buildSettings = {
				ASSETCATALOG_COMPILER_APPICON_NAME = AppIcon;
				ASSETCATALOG_COMPILER_GLOBAL_ACCENT_COLOR_NAME = AccentColor;
				CODE_SIGN_STYLE = Automatic;
				CURRENT_PROJECT_VERSION = 1;
				DEVELOPMENT_ASSET_PATHS = "\"Sopa de Letrinhas/Preview Content\"";
				DEVELOPMENT_TEAM = B6XWN7H84M;
				ENABLE_PREVIEWS = YES;
				GENERATE_INFOPLIST_FILE = YES;
				INFOPLIST_KEY_UIApplicationSceneManifest_Generation = YES;
				INFOPLIST_KEY_UIApplicationSupportsIndirectInputEvents = YES;
				INFOPLIST_KEY_UILaunchScreen_Generation = YES;
				INFOPLIST_KEY_UISupportedInterfaceOrientations_iPad = "UIInterfaceOrientationPortrait UIInterfaceOrientationPortraitUpsideDown UIInterfaceOrientationLandscapeLeft UIInterfaceOrientationLandscapeRight";
				INFOPLIST_KEY_UISupportedInterfaceOrientations_iPhone = "UIInterfaceOrientationPortrait UIInterfaceOrientationLandscapeLeft UIInterfaceOrientationLandscapeRight";
				LD_RUNPATH_SEARCH_PATHS = (
					"$(inherited)",
					"@executable_path/Frameworks",
				);
				MARKETING_VERSION = 1.0;
				PRODUCT_BUNDLE_IDENTIFIER = "br.ufpe.cin.academy-rsbj.Sopa-de-Letrinhas";
				PRODUCT_NAME = "$(TARGET_NAME)";
				SUPPORTED_PLATFORMS = macosx;
				SUPPORTS_MACCATALYST = NO;
				SUPPORTS_MAC_DESIGNED_FOR_IPHONE_IPAD = YES;
				SWIFT_EMIT_LOC_STRINGS = YES;
				SWIFT_VERSION = 5.0;
			};
			name = Release;
		};
/* End XCBuildConfiguration section */

/* Begin XCConfigurationList section */
		D36004E92A02C2DB004E19CF /* Build configuration list for PBXProject "Sopa de Letrinhas" */ = {
			isa = XCConfigurationList;
			buildConfigurations = (
				D36004FA2A02C2DC004E19CF /* Debug */,
				D36004FB2A02C2DC004E19CF /* Release */,
			);
			defaultConfigurationIsVisible = 0;
			defaultConfigurationName = Release;
		};
		D36004FC2A02C2DC004E19CF /* Build configuration list for PBXNativeTarget "Sopa de Letrinhas" */ = {
			isa = XCConfigurationList;
			buildConfigurations = (
				D36004FD2A02C2DC004E19CF /* Debug */,
				D36004FE2A02C2DC004E19CF /* Release */,
			);
			defaultConfigurationIsVisible = 0;
			defaultConfigurationName = Release;
		};
/* End XCConfigurationList section */
	};
	rootObject = D36004E62A02C2DB004E19CF /* Project object */;
}
